
Microsoft Visual Studio Solution File, Format Version 12.00
# Visual Studio Version 17
VisualStudioVersion = 17.0.31912.275
MinimumVisualStudioVersion = 10.0.40219.1
Project("{FAE04EC0-301F-11D3-BF4B-00C04F79EFBC}") = "Ficha12", "Ficha12\Ficha12.csproj", "{52900E6C-D014-4F05-9EEC-BC6E03BF2C50}"
EndProject
Global
	GlobalSection(SolutionConfigurationPlatforms) = preSolution
		Debug|Any CPU = Debug|Any CPU
		Release|Any CPU = Release|Any CPU
	EndGlobalSection
	GlobalSection(ProjectConfigurationPlatforms) = postSolution
		{52900E6C-D014-4F05-9EEC-BC6E03BF2C50}.Debug|Any CPU.ActiveCfg = Debug|Any CPU
		{52900E6C-D014-4F05-9EEC-BC6E03BF2C50}.Debug|Any CPU.Build.0 = Debug|Any CPU
		{52900E6C-D014-4F05-9EEC-BC6E03BF2C50}.Release|Any CPU.ActiveCfg = Release|Any CPU
		{52900E6C-D014-4F05-9EEC-BC6E03BF2C50}.Release|Any CPU.Build.0 = Release|Any CPU
	EndGlobalSection
	GlobalSection(SolutionProperties) = preSolution
		HideSolutionNode = FALSE
	EndGlobalSection
	GlobalSection(ExtensibilityGlobals) = postSolution
		SolutionGuid = {8CC41755-C19B-4177-9FE0-03AC42D14B16}
	EndGlobalSection
EndGlobal
