
Microsoft Visual Studio Solution File, Format Version 12.00
# Visual Studio Version 17
VisualStudioVersion = 17.0.31912.275
MinimumVisualStudioVersion = 10.0.40219.1
Project("{FAE04EC0-301F-11D3-BF4B-00C04F79EFBC}") = "Customers", "Customers.csproj", "{8CE3C268-4125-4DF2-B98E-C970FE71250A}"
EndProject
Global
	GlobalSection(SolutionConfigurationPlatforms) = preSolution
		Debug|Any CPU = Debug|Any CPU
		Release|Any CPU = Release|Any CPU
	EndGlobalSection
	GlobalSection(ProjectConfigurationPlatforms) = postSolution
		{8CE3C268-4125-4DF2-B98E-C970FE71250A}.Debug|Any CPU.ActiveCfg = Debug|Any CPU
		{8CE3C268-4125-4DF2-B98E-C970FE71250A}.Debug|Any CPU.Build.0 = Debug|Any CPU
		{8CE3C268-4125-4DF2-B98E-C970FE71250A}.Release|Any CPU.ActiveCfg = Release|Any CPU
		{8CE3C268-4125-4DF2-B98E-C970FE71250A}.Release|Any CPU.Build.0 = Release|Any CPU
	EndGlobalSection
	GlobalSection(SolutionProperties) = preSolution
		HideSolutionNode = FALSE
	EndGlobalSection
	GlobalSection(ExtensibilityGlobals) = postSolution
		SolutionGuid = {6D519AE6-8AA4-4CB7-B417-C5EE2A8A2C35}
	EndGlobalSection
EndGlobal
